
Microsoft Visual Studio Solution File, Format Version 12.00
# Visual Studio 15
VisualStudioVersion = 15.0.27428.2005
MinimumVisualStudioVersion = 10.0.40219.1
Project("{FAE04EC0-301F-11D3-BF4B-00C04F79EFBC}") = "Repo.Security", "Repo.Security\Repo.Security.csproj", "{04771DCD-939A-4C6A-BA76-9C4BEDA7D45D}"
EndProject
Project("{FAE04EC0-301F-11D3-BF4B-00C04F79EFBC}") = "Repo.Security.Sample", "Repo.Security.Sample\Repo.Security.Sample.csproj", "{C054F9C1-483A-4B81-A01B-BEA53C094BE9}"
EndProject
Global
	GlobalSection(SolutionConfigurationPlatforms) = preSolution
		Debug|Any CPU = Debug|Any CPU
		Release|Any CPU = Release|Any CPU
	EndGlobalSection
	GlobalSection(ProjectConfigurationPlatforms) = postSolution
		{04771DCD-939A-4C6A-BA76-9C4BEDA7D45D}.Debug|Any CPU.ActiveCfg = Debug|Any CPU
		{04771DCD-939A-4C6A-BA76-9C4BEDA7D45D}.Debug|Any CPU.Build.0 = Debug|Any CPU
		{04771DCD-939A-4C6A-BA76-9C4BEDA7D45D}.Release|Any CPU.ActiveCfg = Release|Any CPU
		{04771DCD-939A-4C6A-BA76-9C4BEDA7D45D}.Release|Any CPU.Build.0 = Release|Any CPU
		{C054F9C1-483A-4B81-A01B-BEA53C094BE9}.Debug|Any CPU.ActiveCfg = Debug|Any CPU
		{C054F9C1-483A-4B81-A01B-BEA53C094BE9}.Debug|Any CPU.Build.0 = Debug|Any CPU
		{C054F9C1-483A-4B81-A01B-BEA53C094BE9}.Release|Any CPU.ActiveCfg = Release|Any CPU
		{C054F9C1-483A-4B81-A01B-BEA53C094BE9}.Release|Any CPU.Build.0 = Release|Any CPU
	EndGlobalSection
	GlobalSection(SolutionProperties) = preSolution
		HideSolutionNode = FALSE
	EndGlobalSection
	GlobalSection(ExtensibilityGlobals) = postSolution
		SolutionGuid = {3A4FDDC7-252C-4931-B22A-1408AF6B92E7}
	EndGlobalSection
EndGlobal
